PODS:
  - Alamofire (5.4.4)
  - PINCache (3.0.3):
    - PINCache/Arc-exception-safe (= 3.0.3)
    - PINCache/Core (= 3.0.3)
  - PINCache/Arc-exception-safe (3.0.3):
    - PINCache/Core
  - PINCache/Core (3.0.3):
    - PINOperation (~> 1.2.1)
  - PINOperation (1.2.1)
  - PINRemoteImage/Core (3.0.3):
    - PINOperation
  - PINRemoteImage/iOS (3.0.3):
    - PINRemoteImage/Core
  - PINRemoteImage/PINCache (3.0.3):
    - PINCache (~> 3.0.3)
    - PINRemoteImage/Core
  - SDWebImage (5.12.6):
    - SDWebImage/Core (= 5.12.6)
  - SDWebImage/Core (5.12.6)
  - Texture (3.1.0):
    - Texture/AssetsLibrary (= 3.1.0)
    - Texture/Core (= 3.1.0)
    - Texture/MapKit (= 3.1.0)
    - Texture/Photos (= 3.1.0)
    - Texture/PINRemoteImage (= 3.1.0)
    - Texture/Video (= 3.1.0)
  - Texture/AssetsLibrary (3.1.0):
    - Texture/Core
  - Texture/Core (3.1.0)
  - Texture/MapKit (3.1.0):
    - Texture/Core
  - Texture/Photos (3.1.0):
    - Texture/Core
  - Texture/PINRemoteImage (3.1.0):
    - PINRemoteImage/iOS (~> 3.0.0)
    - PINRemoteImage/PINCache
    - Texture/Core
  - Texture/Video (3.1.0):
    - Texture/Core

DEPENDENCIES:
  - Alamofire (~> 5.4.3)
  - SDWebImage (~> 5.12.5)
  - Texture (~> 3.1.0)

SPEC REPOS:
  trunk:
    - Alamofire
    - PINCache
    - PINOperation
    - PINRemoteImage
    - SDWebImage
    - Texture

SPEC CHECKSUMS:
  Alamofire: f3b09a368f1582ab751b3fff5460276e0d2cf5c9
  PINCache: 7a8fc1a691173d21dbddbf86cd515de6efa55086
  PINOperation: 00c935935f1e8cf0d1e2d6b542e75b88fc3e5e20
  PINRemoteImage: f1295b29f8c5e640e25335a1b2bd9d805171bd01
  SDWebImage: a47aea9e3d8816015db4e523daff50cfd294499d
  Texture: 2e8ab2519452515f7f5a520f5a8f7e0a413abfa3

PODFILE CHECKSUM: 82b3d014d670bfda90332fc0cb502b6cf0326fe4

COCOAPODS: 1.11.3
